
Microsoft Visual Studio Solution File, Format Version 12.00
# Visual Studio Version 17
VisualStudioVersion = 17.14.36221.1 d17.14
MinimumVisualStudioVersion = 10.0.40219.1
Project("{FAE04EC0-301F-11D3-BF4B-00C04F79EFBC}") = "WebAssignment", "WebAssignment\WebAssignment.csproj", "{CFF1B52D-CFC1-4B5A-8D1B-D3AEBF323F1E}"
EndProject
Global
	GlobalSection(SolutionConfigurationPlatforms) = preSolution
		Debug|Any CPU = Debug|Any CPU
		Release|Any CPU = Release|Any CPU
	EndGlobalSection
	GlobalSection(ProjectConfigurationPlatforms) = postSolution
		{CFF1B52D-CFC1-4B5A-8D1B-D3AEBF323F1E}.Debug|Any CPU.ActiveCfg = Debug|Any CPU
		{CFF1B52D-CFC1-4B5A-8D1B-D3AEBF323F1E}.Debug|Any CPU.Build.0 = Debug|Any CPU
		{CFF1B52D-CFC1-4B5A-8D1B-D3AEBF323F1E}.Release|Any CPU.ActiveCfg = Release|Any CPU
		{CFF1B52D-CFC1-4B5A-8D1B-D3AEBF323F1E}.Release|Any CPU.Build.0 = Release|Any CPU
	EndGlobalSection
	GlobalSection(SolutionProperties) = preSolution
		HideSolutionNode = FALSE
	EndGlobalSection
	GlobalSection(ExtensibilityGlobals) = postSolution
		SolutionGuid = {4E7465B5-ED3D-4100-ADC8-21A37B1B1253}
	EndGlobalSection
EndGlobal
